
Microsoft Visual Studio Solution File, Format Version 12.00
# Visual Studio 14
VisualStudioVersion = 14.0.22823.1
MinimumVisualStudioVersion = 10.0.40219.1
Project("{FAE04EC0-301F-11D3-BF4B-00C04F79EFBC}") = "PathTooLong", "PathTooLong\PathTooLong.csproj", "{ADF3EC3E-0F46-4434-AFCE-10C984D8E204}"
EndProject
Project("{FAE04EC0-301F-11D3-BF4B-00C04F79EFBC}") = "PathTooLong.Test", "PathTooLong.Test\PathTooLong.Test.csproj", "{CD805B4D-DDB3-4BFC-91E0-ABA0659D6D51}"
EndProject
Global
	GlobalSection(SolutionConfigurationPlatforms) = preSolution
		Debug|Any CPU = Debug|Any CPU
		Release|Any CPU = Release|Any CPU
	EndGlobalSection
	GlobalSection(ProjectConfigurationPlatforms) = postSolution
		{ADF3EC3E-0F46-4434-AFCE-10C984D8E204}.Debug|Any CPU.ActiveCfg = Debug|Any CPU
		{ADF3EC3E-0F46-4434-AFCE-10C984D8E204}.Debug|Any CPU.Build.0 = Debug|Any CPU
		{ADF3EC3E-0F46-4434-AFCE-10C984D8E204}.Release|Any CPU.ActiveCfg = Release|Any CPU
		{ADF3EC3E-0F46-4434-AFCE-10C984D8E204}.Release|Any CPU.Build.0 = Release|Any CPU
		{CD805B4D-DDB3-4BFC-91E0-ABA0659D6D51}.Debug|Any CPU.ActiveCfg = Debug|Any CPU
		{CD805B4D-DDB3-4BFC-91E0-ABA0659D6D51}.Debug|Any CPU.Build.0 = Debug|Any CPU
		{CD805B4D-DDB3-4BFC-91E0-ABA0659D6D51}.Release|Any CPU.ActiveCfg = Release|Any CPU
		{CD805B4D-DDB3-4BFC-91E0-ABA0659D6D51}.Release|Any CPU.Build.0 = Release|Any CPU
	EndGlobalSection
	GlobalSection(SolutionProperties) = preSolution
		HideSolutionNode = FALSE
	EndGlobalSection
EndGlobal
